
Microsoft Visual Studio Solution File, Format Version 12.00
# Visual Studio Version 16
VisualStudioVersion = 16.0.31424.327
MinimumVisualStudioVersion = 10.0.40219.1
Project("{FAE04EC0-301F-11D3-BF4B-00C04F79EFBC}") = "Calculator", "Calculator\Calculator.csproj", "{8BA3802A-1560-494E-B9BC-D70DE49081BD}"
EndProject
Global
	GlobalSection(SolutionConfigurationPlatforms) = preSolution
		Debug|Any CPU = Debug|Any CPU
		Release|Any CPU = Release|Any CPU
	EndGlobalSection
	GlobalSection(ProjectConfigurationPlatforms) = postSolution
		{8BA3802A-1560-494E-B9BC-D70DE49081BD}.Debug|Any CPU.ActiveCfg = Debug|Any CPU
		{8BA3802A-1560-494E-B9BC-D70DE49081BD}.Debug|Any CPU.Build.0 = Debug|Any CPU
		{8BA3802A-1560-494E-B9BC-D70DE49081BD}.Release|Any CPU.ActiveCfg = Release|Any CPU
		{8BA3802A-1560-494E-B9BC-D70DE49081BD}.Release|Any CPU.Build.0 = Release|Any CPU
	EndGlobalSection
	GlobalSection(SolutionProperties) = preSolution
		HideSolutionNode = FALSE
	EndGlobalSection
	GlobalSection(ExtensibilityGlobals) = postSolution
		SolutionGuid = {0802F0BD-E3E0-4536-AEC4-576FB1307A74}
	EndGlobalSection
EndGlobal
